
Microsoft Visual Studio Solution File, Format Version 12.00
# Visual Studio Version 17
VisualStudioVersion = 17.5.33516.290
MinimumVisualStudioVersion = 10.0.40219.1
Project("{FAE04EC0-301F-11D3-BF4B-00C04F79EFBC}") = "repasoS4.Android", "repasoS4\repasoS4.Android\repasoS4.Android.csproj", "{BBB2C808-1080-45EC-9F96-A6747E2A9880}"
EndProject
Project("{FAE04EC0-301F-11D3-BF4B-00C04F79EFBC}") = "repasoS4.iOS", "repasoS4\repasoS4.iOS\repasoS4.iOS.csproj", "{5B69261D-A90C-4369-9578-A87A4C290E21}"
EndProject
Project("{FAE04EC0-301F-11D3-BF4B-00C04F79EFBC}") = "repasoS4", "repasoS4\repasoS4\repasoS4.csproj", "{C2B234A4-9FA2-4835-B2C5-D4070C49468F}"
EndProject
Global
	GlobalSection(SolutionConfigurationPlatforms) = preSolution
		Debug|Any CPU = Debug|Any CPU
		Debug|iPhone = Debug|iPhone
		Debug|iPhoneSimulator = Debug|iPhoneSimulator
		Release|Any CPU = Release|Any CPU
		Release|iPhone = Release|iPhone
		Release|iPhoneSimulator = Release|iPhoneSimulator
	EndGlobalSection
	GlobalSection(ProjectConfigurationPlatforms) = postSolution
		{BBB2C808-1080-45EC-9F96-A6747E2A9880}.Debug|Any CPU.ActiveCfg = Debug|Any CPU
		{BBB2C808-1080-45EC-9F96-A6747E2A9880}.Debug|Any CPU.Build.0 = Debug|Any CPU
		{BBB2C808-1080-45EC-9F96-A6747E2A9880}.Debug|Any CPU.Deploy.0 = Debug|Any CPU
		{BBB2C808-1080-45EC-9F96-A6747E2A9880}.Debug|iPhone.ActiveCfg = Debug|Any CPU
		{BBB2C808-1080-45EC-9F96-A6747E2A9880}.Debug|iPhone.Build.0 = Debug|Any CPU
		{BBB2C808-1080-45EC-9F96-A6747E2A9880}.Debug|iPhone.Deploy.0 = Debug|Any CPU
		{BBB2C808-1080-45EC-9F96-A6747E2A9880}.Debug|iPhoneSimulator.ActiveCfg = Debug|Any CPU
		{BBB2C808-1080-45EC-9F96-A6747E2A9880}.Debug|iPhoneSimulator.Build.0 = Debug|Any CPU
		{BBB2C808-1080-45EC-9F96-A6747E2A9880}.Debug|iPhoneSimulator.Deploy.0 = Debug|Any CPU
		{BBB2C808-1080-45EC-9F96-A6747E2A9880}.Release|Any CPU.ActiveCfg = Release|Any CPU
		{BBB2C808-1080-45EC-9F96-A6747E2A9880}.Release|Any CPU.Build.0 = Release|Any CPU
		{BBB2C808-1080-45EC-9F96-A6747E2A9880}.Release|Any CPU.Deploy.0 = Release|Any CPU
		{BBB2C808-1080-45EC-9F96-A6747E2A9880}.Release|iPhone.ActiveCfg = Release|Any CPU
		{BBB2C808-1080-45EC-9F96-A6747E2A9880}.Release|iPhone.Build.0 = Release|Any CPU
		{BBB2C808-1080-45EC-9F96-A6747E2A9880}.Release|iPhone.Deploy.0 = Release|Any CPU
		{BBB2C808-1080-45EC-9F96-A6747E2A9880}.Release|iPhoneSimulator.ActiveCfg = Release|Any CPU
		{BBB2C808-1080-45EC-9F96-A6747E2A9880}.Release|iPhoneSimulator.Build.0 = Release|Any CPU
		{BBB2C808-1080-45EC-9F96-A6747E2A9880}.Release|iPhoneSimulator.Deploy.0 = Release|Any CPU
		{5B69261D-A90C-4369-9578-A87A4C290E21}.Debug|Any CPU.ActiveCfg = Debug|iPhone
		{5B69261D-A90C-4369-9578-A87A4C290E21}.Debug|Any CPU.Build.0 = Debug|iPhone
		{5B69261D-A90C-4369-9578-A87A4C290E21}.Debug|Any CPU.Deploy.0 = Debug|iPhone
		{5B69261D-A90C-4369-9578-A87A4C290E21}.Debug|iPhone.ActiveCfg = Debug|iPhone
		{5B69261D-A90C-4369-9578-A87A4C290E21}.Debug|iPhone.Build.0 = Debug|iPhone
		{5B69261D-A90C-4369-9578-A87A4C290E21}.Debug|iPhone.Deploy.0 = Debug|iPhone
		{5B69261D-A90C-4369-9578-A87A4C290E21}.Debug|iPhoneSimulator.ActiveCfg = Debug|iPhoneSimulator
		{5B69261D-A90C-4369-9578-A87A4C290E21}.Debug|iPhoneSimulator.Build.0 = Debug|iPhoneSimulator
		{5B69261D-A90C-4369-9578-A87A4C290E21}.Debug|iPhoneSimulator.Deploy.0 = Debug|iPhoneSimulator
		{5B69261D-A90C-4369-9578-A87A4C290E21}.Release|Any CPU.ActiveCfg = Release|iPhoneSimulator
		{5B69261D-A90C-4369-9578-A87A4C290E21}.Release|Any CPU.Build.0 = Release|iPhoneSimulator
		{5B69261D-A90C-4369-9578-A87A4C290E21}.Release|Any CPU.Deploy.0 = Release|iPhoneSimulator
		{5B69261D-A90C-4369-9578-A87A4C290E21}.Release|iPhone.ActiveCfg = Release|iPhone
		{5B69261D-A90C-4369-9578-A87A4C290E21}.Release|iPhone.Build.0 = Release|iPhone
		{5B69261D-A90C-4369-9578-A87A4C290E21}.Release|iPhone.Deploy.0 = Release|iPhone
		{5B69261D-A90C-4369-9578-A87A4C290E21}.Release|iPhoneSimulator.ActiveCfg = Release|iPhoneSimulator
		{5B69261D-A90C-4369-9578-A87A4C290E21}.Release|iPhoneSimulator.Build.0 = Release|iPhoneSimulator
		{5B69261D-A90C-4369-9578-A87A4C290E21}.Release|iPhoneSimulator.Deploy.0 = Release|iPhoneSimulator
		{C2B234A4-9FA2-4835-B2C5-D4070C49468F}.Debug|Any CPU.ActiveCfg = Debug|Any CPU
		{C2B234A4-9FA2-4835-B2C5-D4070C49468F}.Debug|Any CPU.Build.0 = Debug|Any CPU
		{C2B234A4-9FA2-4835-B2C5-D4070C49468F}.Debug|Any CPU.Deploy.0 = Debug|Any CPU
		{C2B234A4-9FA2-4835-B2C5-D4070C49468F}.Debug|iPhone.ActiveCfg = Debug|Any CPU
		{C2B234A4-9FA2-4835-B2C5-D4070C49468F}.Debug|iPhone.Build.0 = Debug|Any CPU
		{C2B234A4-9FA2-4835-B2C5-D4070C49468F}.Debug|iPhone.Deploy.0 = Debug|Any CPU
		{C2B234A4-9FA2-4835-B2C5-D4070C49468F}.Debug|iPhoneSimulator.ActiveCfg = Debug|Any CPU
		{C2B234A4-9FA2-4835-B2C5-D4070C49468F}.Debug|iPhoneSimulator.Build.0 = Debug|Any CPU
		{C2B234A4-9FA2-4835-B2C5-D4070C49468F}.Debug|iPhoneSimulator.Deploy.0 = Debug|Any CPU
		{C2B234A4-9FA2-4835-B2C5-D4070C49468F}.Release|Any CPU.ActiveCfg = Release|Any CPU
		{C2B234A4-9FA2-4835-B2C5-D4070C49468F}.Release|Any CPU.Build.0 = Release|Any CPU
		{C2B234A4-9FA2-4835-B2C5-D4070C49468F}.Release|Any CPU.Deploy.0 = Release|Any CPU
		{C2B234A4-9FA2-4835-B2C5-D4070C49468F}.Release|iPhone.ActiveCfg = Release|Any CPU
		{C2B234A4-9FA2-4835-B2C5-D4070C49468F}.Release|iPhone.Build.0 = Release|Any CPU
		{C2B234A4-9FA2-4835-B2C5-D4070C49468F}.Release|iPhone.Deploy.0 = Release|Any CPU
		{C2B234A4-9FA2-4835-B2C5-D4070C49468F}.Release|iPhoneSimulator.ActiveCfg = Release|Any CPU
		{C2B234A4-9FA2-4835-B2C5-D4070C49468F}.Release|iPhoneSimulator.Build.0 = Release|Any CPU
		{C2B234A4-9FA2-4835-B2C5-D4070C49468F}.Release|iPhoneSimulator.Deploy.0 = Release|Any CPU
	EndGlobalSection
	GlobalSection(SolutionProperties) = preSolution
		HideSolutionNode = FALSE
	EndGlobalSection
	GlobalSection(ExtensibilityGlobals) = postSolution
		SolutionGuid = {829DF68F-2043-4528-907D-3589BD77B35D}
	EndGlobalSection
EndGlobal
